// !$*UTF8*$!
{
	archiveVersion = 1;
	classes = {
	};
	objectVersion = 46;
	objects = {

/* Begin PBXBuildFile section */
		443C7F1F1EEE35C30043FD08 /* TRIMMEAN.cpp in Sources */ = {isa = PBXBuildFile; fileRef = 443C7F1E1EEE35C30043FD08 /* TRIMMEAN.cpp */; };
		443C7F291EEF88F80043FD08 /* main.cpp in Sources */ = {isa = PBXBuildFile; fileRef = 443C7F281EEF88F80043FD08 /* main.cpp */; };
/* End PBXBuildFile section */

/* Begin PBXCopyFilesBuildPhase section */
		443C7F191EEE35C30043FD08 /* CopyFiles */ = {
			isa = PBXCopyFilesBuildPhase;
			buildActionMask = 2147483647;
			dstPath = /usr/share/man/man1/;
			dstSubfolderSpec = 0;
			files = (
			);
			runOnlyForDeploymentPostprocessing = 1;
		};
/* End PBXCopyFilesBuildPhase section */

/* Begin PBXFileReference section */
		443C7F1B1EEE35C30043FD08 /* TRIMMEAN */ = {isa = PBXFileReference; explicitFileType = "compiled.mach-o.executable"; includeInIndex = 0; path = TRIMMEAN; sourceTree = BUILT_PRODUCTS_DIR; };
		443C7F1E1EEE35C30043FD08 /* TRIMMEAN.cpp */ = {isa = PBXFileReference; lastKnownFileType = sourcecode.cpp.cpp; path = TRIMMEAN.cpp; sourceTree = "<group>"; };
		443C7F251EEE475D0043FD08 /* TRIMMEAN.h */ = {isa = PBXFileReference; lastKnownFileType = sourcecode.c.h; path = TRIMMEAN.h; sourceTree = "<group>"; };
		443C7F281EEF88F80043FD08 /* main.cpp */ = {isa = PBXFileReference; fileEncoding = 4; lastKnownFileType = sourcecode.cpp.cpp; path = main.cpp; sourceTree = "<group>"; };
/* End PBXFileReference section */

/* Begin PBXFrameworksBuildPhase section */
		443C7F181EEE35C30043FD08 /* Frameworks */ = {
			isa = PBXFrameworksBuildPhase;
			buildActionMask = 2147483647;
			files = (
			);
			runOnlyForDeploymentPostprocessing = 0;
		};
/* End PBXFrameworksBuildPhase section */

/* Begin PBXGroup section */
		443C7F121EEE35C30043FD08 = {
			isa = PBXGroup;
			children = (
				443C7F1D1EEE35C30043FD08 /* TRIMMEAN */,
				443C7F1C1EEE35C30043FD08 /* Products */,
			);
			sourceTree = "<group>";
		};
		443C7F1C1EEE35C30043FD08 /* Products */ = {
			isa = PBXGroup;
			children = (
				443C7F1B1EEE35C30043FD08 /* TRIMMEAN */,
			);
			name = Products;
			sourceTree = "<group>";
		};
		443C7F1D1EEE35C30043FD08 /* TRIMMEAN */ = {
			isa = PBXGroup;
			children = (
				443C7F251EEE475D0043FD08 /* TRIMMEAN.h */,
				443C7F1E1EEE35C30043FD08 /* TRIMMEAN.cpp */,
				443C7F281EEF88F80043FD08 /* main.cpp */,
			);
			path = TRIMMEAN;
			sourceTree = "<group>";
		};
/* End PBXGroup section */

/* Begin PBXNativeTarget section */
		443C7F1A1EEE35C30043FD08 /* TRIMMEAN */ = {
			isa = PBXNativeTarget;
			buildConfigurationList = 443C7F221EEE35C30043FD08 /* Build configuration list for PBXNativeTarget "TRIMMEAN" */;
			buildPhases = (
				443C7F171EEE35C30043FD08 /* Sources */,
				443C7F181EEE35C30043FD08 /* Frameworks */,
				443C7F191EEE35C30043FD08 /* CopyFiles */,
			);
			buildRules = (
			);
			dependencies = (
			);
			name = TRIMMEAN;
			productName = TRIMMEAN;
			productReference = 443C7F1B1EEE35C30043FD08 /* TRIMMEAN */;
			productType = "com.apple.product-type.tool";
		};
/* End PBXNativeTarget section */

/* Begin PBXProject section */
		443C7F131EEE35C30043FD08 /* Project object */ = {
			isa = PBXProject;
			attributes = {
				LastUpgradeCheck = 0810;
				ORGANIZATIONNAME = Caked;
				TargetAttributes = {
					443C7F1A1EEE35C30043FD08 = {
						CreatedOnToolsVersion = 8.1;
						DevelopmentTeam = 35RJCBGV7U;
						ProvisioningStyle = Automatic;
					};
				};
			};
			buildConfigurationList = 443C7F161EEE35C30043FD08 /* Build configuration list for PBXProject "TRIMMEAN" */;
			compatibilityVersion = "Xcode 3.2";
			developmentRegion = English;
			hasScannedForEncodings = 0;
			knownRegions = (
				en,
			);
			mainGroup = 443C7F121EEE35C30043FD08;
			productRefGroup = 443C7F1C1EEE35C30043FD08 /* Products */;
			projectDirPath = "";
			projectRoot = "";
			targets = (
				443C7F1A1EEE35C30043FD08 /* TRIMMEAN */,
			);
		};
/* End PBXProject section */

/* Begin PBXSourcesBuildPhase section */
		443C7F171EEE35C30043FD08 /* Sources */ = {
			isa = PBXSourcesBuildPhase;
			buildActionMask = 2147483647;
			files = (
				443C7F1F1EEE35C30043FD08 /* TRIMMEAN.cpp in Sources */,
				443C7F291EEF88F80043FD08 /* main.cpp in Sources */,
			);
			runOnlyForDeploymentPostprocessing = 0;
		};
/* End PBXSourcesBuildPhase section */

/* Begin XCBuildConfiguration section */
		443C7F201EEE35C30043FD08 /* Debug */ = {
			isa = XCBuildConfiguration;
			buildSettings = {
				ALWAYS_SEARCH_USER_PATHS = NO;
				CLANG_ANALYZER_NONNULL = YES;
				CLANG_CXX_LANGUAGE_STANDARD = "gnu++0x";
				CLANG_CXX_LIBRARY = "libc++";
				CLANG_ENABLE_MODULES = YES;
				CLANG_ENABLE_OBJC_ARC = YES;
				CLANG_WARN_BOOL_CONVERSION = YES;
				CLANG_WARN_CONSTANT_CONVERSION = YES;
				CLANG_WARN_DIRECT_OBJC_ISA_USAGE = YES_ERROR;
				CLANG_WARN_DOCUMENTATION_COMMENTS = YES;
				CLANG_WARN_EMPTY_BODY = YES;
				CLANG_WARN_ENUM_CONVERSION = YES;
				CLANG_WARN_INFINITE_RECURSION = YES;
				CLANG_WARN_INT_CONVERSION = YES;
				CLANG_WARN_OBJC_ROOT_CLASS = YES_ERROR;
				CLANG_WARN_SUSPICIOUS_MOVES = YES;
				CLANG_WARN_UNREACHABLE_CODE = YES;
				CLANG_WARN__DUPLICATE_METHOD_MATCH = YES;
				CODE_SIGN_IDENTITY = "-";
				COPY_PHASE_STRIP = NO;
				DEBUG_INFORMATION_FORMAT = dwarf;
				ENABLE_STRICT_OBJC_MSGSEND = YES;
				ENABLE_TESTABILITY = YES;
				GCC_C_LANGUAGE_STANDARD = gnu99;
				GCC_DYNAMIC_NO_PIC = NO;
				GCC_NO_COMMON_BLOCKS = YES;
				GCC_OPTIMIZATION_LEVEL = 0;
				GCC_PREPROCESSOR_DEFINITIONS = (
					"DEBUG=1",
					"$(inherited)",
				);
				GCC_WARN_64_TO_32_BIT_CONVERSION = YES;
				GCC_WARN_ABOUT_RETURN_TYPE = YES_ERROR;
				GCC_WARN_UNDECLARED_SELECTOR = YES;
				GCC_WARN_UNINITIALIZED_AUTOS = YES_AGGRESSIVE;
				GCC_WARN_UNUSED_FUNCTION = YES;
				GCC_WARN_UNUSED_VARIABLE = YES;
				MACOSX_DEPLOYMENT_TARGET = 10.11;
				MTL_ENABLE_DEBUG_INFO = YES;
				ONLY_ACTIVE_ARCH = YES;
				SDKROOT = macosx;
			};
			name = Debug;
		};
		443C7F211EEE35C30043FD08 /* Release */ = {
			isa = XCBuildConfiguration;
			buildSettings = {
				ALWAYS_SEARCH_USER_PATHS = NO;
				CLANG_ANALYZER_NONNULL = YES;
				CLANG_CXX_LANGUAGE_STANDARD = "gnu++0x";
				CLANG_CXX_LIBRARY = "libc++";
				CLANG_ENABLE_MODULES = YES;
				CLANG_ENABLE_OBJC_ARC = YES;
				CLANG_WARN_BOOL_CONVERSION = YES;
				CLANG_WARN_CONSTANT_CONVERSION = YES;
				CLANG_WARN_DIRECT_OBJC_ISA_USAGE = YES_ERROR;
				CLANG_WARN_DOCUMENTATION_COMMENTS = YES;
				CLANG_WARN_EMPTY_BODY = YES;
				CLANG_WARN_ENUM_CONVERSION = YES;
				CLANG_WARN_INFINITE_RECURSION = YES;
				CLANG_WARN_INT_CONVERSION = YES;
				CLANG_WARN_OBJC_ROOT_CLASS = YES_ERROR;
				CLANG_WARN_SUSPICIOUS_MOVES = YES;
				CLANG_WARN_UNREACHABLE_CODE = YES;
				CLANG_WARN__DUPLICATE_METHOD_MATCH = YES;
				CODE_SIGN_IDENTITY = "-";
				COPY_PHASE_STRIP = NO;
				DEBUG_INFORMATION_FORMAT = "dwarf-with-dsym";
				ENABLE_NS_ASSERTIONS = NO;
				ENABLE_STRICT_OBJC_MSGSEND = YES;
				GCC_C_LANGUAGE_STANDARD = gnu99;
				GCC_NO_COMMON_BLOCKS = YES;
				GCC_WARN_64_TO_32_BIT_CONVERSION = YES;
				GCC_WARN_ABOUT_RETURN_TYPE = YES_ERROR;
				GCC_WARN_UNDECLARED_SELECTOR = YES;
				GCC_WARN_UNINITIALIZED_AUTOS = YES_AGGRESSIVE;
				GCC_WARN_UNUSED_FUNCTION = YES;
				GCC_WARN_UNUSED_VARIABLE = YES;
				MACOSX_DEPLOYMENT_TARGET = 10.11;
				MTL_ENABLE_DEBUG_INFO = NO;
				SDKROOT = macosx;
			};
			name = Release;
		};
		443C7F231EEE35C30043FD08 /* Debug */ = {
			isa = XCBuildConfiguration;
			buildSettings = {
				DEVELOPMENT_TEAM = 35RJCBGV7U;
				PRODUCT_NAME = "$(TARGET_NAME)";
			};
			name = Debug;
		};
		443C7F241EEE35C30043FD08 /* Release */ = {
			isa = XCBuildConfiguration;
			buildSettings = {
				DEVELOPMENT_TEAM = 35RJCBGV7U;
				PRODUCT_NAME = "$(TARGET_NAME)";
			};
			name = Release;
		};
/* End XCBuildConfiguration section */

/* Begin XCConfigurationList section */
		443C7F161EEE35C30043FD08 /* Build configuration list for PBXProject "TRIMMEAN" */ = {
			isa = XCConfigurationList;
			buildConfigurations = (
				443C7F201EEE35C30043FD08 /* Debug */,
				443C7F211EEE35C30043FD08 /* Release */,
			);
			defaultConfigurationIsVisible = 0;
			defaultConfigurationName = Release;
		};
		443C7F221EEE35C30043FD08 /* Build configuration list for PBXNativeTarget "TRIMMEAN" */ = {
			isa = XCConfigurationList;
			buildConfigurations = (
				443C7F231EEE35C30043FD08 /* Debug */,
				443C7F241EEE35C30043FD08 /* Release */,
			);
			defaultConfigurationIsVisible = 0;
			defaultConfigurationName = Release;
		};
/* End XCConfigurationList section */
	};
	rootObject = 443C7F131EEE35C30043FD08 /* Project object */;
}
